<?xml version="1.0" encoding="utf-8"?>
<Project ToolsVersion="4.0" xmlns="http://schemas.microsoft.com/developer/msbuild/2003">
  <ItemGroup>
    <Filter Include="Source Files">
      <UniqueIdentifier>{4FC737F1-C7A5-4376-A066-2A32D752A2FF}</UniqueIdentifier>
      <Extensions>cpp;c;cc;cxx;c++;cppm;ixx;def;odl;idl;hpj;bat;asm;asmx</Extensions>
    </Filter>
    <Filter Include="Header Files">
      <UniqueIdentifier>{93995380-89BD-4b04-88EB-625FBE52EBFB}</UniqueIdentifier>
      <Extensions>h;hh;hpp;hxx;h++;hm;inl;inc;ipp;xsd</Extensions>
    </Filter>
    <Filter Include="Resource Files">
      <UniqueIdentifier>{67DA6AB6-F800-4c08-8B7A-83BB121AAD01}</UniqueIdentifier>
      <Extensions>rc;ico;cur;bmp;dlg;rc2;rct;bin;rgs;gif;jpg;jpeg;jpe;resx;tiff;tif;png;wav;mfcribbon-ms</Extensions>
    </Filter>
    <Filter Include="Header Files\Extensible">
      <UniqueIdentifier>{7e8dfe59-4f3e-47fe-b956-e655099cea9e}</UniqueIdentifier>
    </Filter>
    <Filter Include="Header Files\Extensible\Data">
      <UniqueIdentifier>{a2a998f4-b8f1-487f-b4b8-77295596e64f}</UniqueIdentifier>
    </Filter>
    <Filter Include="Header Files\Extensible\Data\Internal">
      <UniqueIdentifier>{41f92ac8-a87f-41cf-af61-fd75078ffce5}</UniqueIdentifier>
    </Filter>
    <Filter Include="Header Files\Extensible\Functional">
      <UniqueIdentifier>{da0e1dea-112f-439a-825c-186d9aba7ad7}</UniqueIdentifier>
    </Filter>
    <Filter Include="Header Files\Extensible\Utility">
      <UniqueIdentifier>{f0e7fc6b-3c5f-4366-b702-d2d79d733237}</UniqueIdentifier>
    </Filter>
    <Filter Include="Header Files\Extensible\Concepts">
      <UniqueIdentifier>{ed3deac6-077f-431a-aaf2-63ce4b555816}</UniqueIdentifier>
    </Filter>
  </ItemGroup>
  <ItemGroup>
    <ClCompile Include="Main.cpp">
      <Filter>Source Files</Filter>
    </ClCompile>
    <ClCompile Include="prelude.ixx">
      <Filter>Header Files\Extensible</Filter>
    </ClCompile>
    <ClCompile Include="named.ixx">
      <Filter>Header Files\Extensible\Data</Filter>
    </ClCompile>
    <ClCompile Include="static_string.ixx">
      <Filter>Header Files\Extensible\Data</Filter>
    </ClCompile>
    <ClCompile Include="type_list.ixx">
      <Filter>Header Files\Extensible\Data</Filter>
    </ClCompile>
    <ClCompile Include="storage.ixx">
      <Filter>Header Files\Extensible\Data\Internal</Filter>
    </ClCompile>
    <ClCompile Include="record_internal.ixx">
      <Filter>Header Files\Extensible\Data\Internal</Filter>
    </ClCompile>
    <ClCompile Include="record.ixx">
      <Filter>Header Files\Extensible\Data</Filter>
    </ClCompile>
    <ClCompile Include="functional.ixx">
      <Filter>Header Files\Extensible\Functional</Filter>
    </ClCompile>
    <ClCompile Include="utility.ixx">
      <Filter>Header Files\Extensible\Utility</Filter>
    </ClCompile>
    <ClCompile Include="Concepts.ixx">
      <Filter>Header Files\Extensible\Concepts</Filter>
    </ClCompile>
    <ClCompile Include="ADT.ixx">
      <Filter>Header Files\Extensible\Data</Filter>
    </ClCompile>
  </ItemGroup>
  <ItemGroup>
    <None Include="packages.config" />
  </ItemGroup>
</Project>